
Microsoft Visual Studio Solution File, Format Version 12.00
# Visual Studio 15
VisualStudioVersion = 15.0.26124.0
MinimumVisualStudioVersion = 15.0.26124.0
Project("{2150E333-8FDC-42A3-9474-1A3956D46DE8}") = "src", "src", "{F51C3A88-158F-4E2C-AED4-B3E0795E0778}"
EndProject
Project("{FAE04EC0-301F-11D3-BF4B-00C04F79EFBC}") = "psw.gms.api", "src\psw.gms.api\psw.gms.api.csproj", "{ACE18EEE-DF22-486F-A61C-A211E6722E07}"
EndProject
Project("{FAE04EC0-301F-11D3-BF4B-00C04F79EFBC}") = "psw.gms.common", "src\psw.gms.common\psw.gms.common.csproj", "{573F5430-784F-430E-8C5F-2A6510C33E23}"
EndProject
Project("{FAE04EC0-301F-11D3-BF4B-00C04F79EFBC}") = "psw.gms.data", "src\psw.gms.data\psw.gms.data.csproj", "{F3138398-2BB4-4BC6-8C27-F4EDBB68B42A}"
EndProject
Project("{FAE04EC0-301F-11D3-BF4B-00C04F79EFBC}") = "psw.gms.data.sql", "src\psw.gms.data.sql\psw.gms.data.sql.csproj", "{DCE0705D-4EE9-441A-B370-A349EA991845}"
EndProject
Project("{FAE04EC0-301F-11D3-BF4B-00C04F79EFBC}") = "psw.gms.service", "src\psw.gms.service\psw.gms.service.csproj", "{B5386F27-D182-483C-9F86-56376800A5FA}"
EndProject
Project("{2150E333-8FDC-42A3-9474-1A3956D46DE8}") = "lib", "lib", "{71AC114F-21FA-4D28-847F-DC0110B11AA2}"
EndProject
Project("{2150E333-8FDC-42A3-9474-1A3956D46DE8}") = "libcommon", "libcommon", "{CE211085-E9B9-4750-97D4-18650D488DF5}"
EndProject
Project("{2150E333-8FDC-42A3-9474-1A3956D46DE8}") = "src", "src", "{B46D3F5A-D454-4AFF-A6B7-2C8CD0804BDA}"
EndProject
Project("{FAE04EC0-301F-11D3-BF4B-00C04F79EFBC}") = "psw.common", "lib\libcommon\src\psw.common\psw.common.csproj", "{F34EF16F-1575-43D3-ABD7-9DDA6B9BA6DF}"
EndProject
Project("{FAE04EC0-301F-11D3-BF4B-00C04F79EFBC}") = "psw.security", "lib\libcommon\src\psw.security\psw.security.csproj", "{304D53F7-96EE-4CE6-BEF8-4E8FE0585B25}"
EndProject
Project("{FAE04EC0-301F-11D3-BF4B-00C04F79EFBC}") = "psw.utils", "lib\libcommon\src\psw.utils\psw.utils.csproj", "{D83BEBE8-E636-4B33-AA76-E4D7061BFBA7}"
EndProject
Project("{2150E333-8FDC-42A3-9474-1A3956D46DE8}") = "libconsul", "libconsul", "{E05C08DE-F9F5-4A8D-A5F8-456834910931}"
EndProject
Project("{2150E333-8FDC-42A3-9474-1A3956D46DE8}") = "src", "src", "{97330A37-54EE-4BE6-8801-F02B5D53AFE1}"
EndProject
Project("{FAE04EC0-301F-11D3-BF4B-00C04F79EFBC}") = "psw.lib.consul", "lib\libconsul\src\psw.lib.consul\psw.lib.consul.csproj", "{1D87BA37-01BD-4CB8-9814-398AC63FA22E}"
EndProject
Project("{2150E333-8FDC-42A3-9474-1A3956D46DE8}") = "librabbitmq", "librabbitmq", "{B55FEEDE-AA74-4F91-B585-9A138E54A774}"
EndProject
Project("{2150E333-8FDC-42A3-9474-1A3956D46DE8}") = "src", "src", "{F0D2D4E6-71D4-44FE-A7ED-A7F226676EC8}"
EndProject
Project("{FAE04EC0-301F-11D3-BF4B-00C04F79EFBC}") = "psw.rabbitmq", "lib\librabbitmq\src\psw.rabbitmq\psw.rabbitmq.csproj", "{1A3FE095-C484-406C-B660-875DF4A3D684}"
EndProject
Project("{2150E333-8FDC-42A3-9474-1A3956D46DE8}") = "liblogs", "liblogs", "{C6150CC0-9EEC-4948-B87F-A1543FEF80CB}"
EndProject
Project("{2150E333-8FDC-42A3-9474-1A3956D46DE8}") = "src", "src", "{6EB3309D-EC03-4670-9EBA-E2281547F312}"
EndProject
Project("{FAE04EC0-301F-11D3-BF4B-00C04F79EFBC}") = "psw.lib.logs", "lib\liblogs\src\psw.lib.logs\psw.lib.logs.csproj", "{A315211F-8A5C-49C3-9B0F-C02FF8D1B171}"
EndProject
Global
	GlobalSection(SolutionConfigurationPlatforms) = preSolution
		Debug|Any CPU = Debug|Any CPU
		Debug|x64 = Debug|x64
		Debug|x86 = Debug|x86
		Release|Any CPU = Release|Any CPU
		Release|x64 = Release|x64
		Release|x86 = Release|x86
	EndGlobalSection
	GlobalSection(SolutionProperties) = preSolution
		HideSolutionNode = FALSE
	EndGlobalSection
	GlobalSection(ProjectConfigurationPlatforms) = postSolution
		{ACE18EEE-DF22-486F-A61C-A211E6722E07}.Debug|Any CPU.ActiveCfg = Debug|Any CPU
		{ACE18EEE-DF22-486F-A61C-A211E6722E07}.Debug|Any CPU.Build.0 = Debug|Any CPU
		{ACE18EEE-DF22-486F-A61C-A211E6722E07}.Debug|x64.ActiveCfg = Debug|Any CPU
		{ACE18EEE-DF22-486F-A61C-A211E6722E07}.Debug|x64.Build.0 = Debug|Any CPU
		{ACE18EEE-DF22-486F-A61C-A211E6722E07}.Debug|x86.ActiveCfg = Debug|Any CPU
		{ACE18EEE-DF22-486F-A61C-A211E6722E07}.Debug|x86.Build.0 = Debug|Any CPU
		{ACE18EEE-DF22-486F-A61C-A211E6722E07}.Release|Any CPU.ActiveCfg = Release|Any CPU
		{ACE18EEE-DF22-486F-A61C-A211E6722E07}.Release|Any CPU.Build.0 = Release|Any CPU
		{ACE18EEE-DF22-486F-A61C-A211E6722E07}.Release|x64.ActiveCfg = Release|Any CPU
		{ACE18EEE-DF22-486F-A61C-A211E6722E07}.Release|x64.Build.0 = Release|Any CPU
		{ACE18EEE-DF22-486F-A61C-A211E6722E07}.Release|x86.ActiveCfg = Release|Any CPU
		{ACE18EEE-DF22-486F-A61C-A211E6722E07}.Release|x86.Build.0 = Release|Any CPU
		{573F5430-784F-430E-8C5F-2A6510C33E23}.Debug|Any CPU.ActiveCfg = Debug|Any CPU
		{573F5430-784F-430E-8C5F-2A6510C33E23}.Debug|Any CPU.Build.0 = Debug|Any CPU
		{573F5430-784F-430E-8C5F-2A6510C33E23}.Debug|x64.ActiveCfg = Debug|Any CPU
		{573F5430-784F-430E-8C5F-2A6510C33E23}.Debug|x64.Build.0 = Debug|Any CPU
		{573F5430-784F-430E-8C5F-2A6510C33E23}.Debug|x86.ActiveCfg = Debug|Any CPU
		{573F5430-784F-430E-8C5F-2A6510C33E23}.Debug|x86.Build.0 = Debug|Any CPU
		{573F5430-784F-430E-8C5F-2A6510C33E23}.Release|Any CPU.ActiveCfg = Release|Any CPU
		{573F5430-784F-430E-8C5F-2A6510C33E23}.Release|Any CPU.Build.0 = Release|Any CPU
		{573F5430-784F-430E-8C5F-2A6510C33E23}.Release|x64.ActiveCfg = Release|Any CPU
		{573F5430-784F-430E-8C5F-2A6510C33E23}.Release|x64.Build.0 = Release|Any CPU
		{573F5430-784F-430E-8C5F-2A6510C33E23}.Release|x86.ActiveCfg = Release|Any CPU
		{573F5430-784F-430E-8C5F-2A6510C33E23}.Release|x86.Build.0 = Release|Any CPU
		{F3138398-2BB4-4BC6-8C27-F4EDBB68B42A}.Debug|Any CPU.ActiveCfg = Debug|Any CPU
		{F3138398-2BB4-4BC6-8C27-F4EDBB68B42A}.Debug|Any CPU.Build.0 = Debug|Any CPU
		{F3138398-2BB4-4BC6-8C27-F4EDBB68B42A}.Debug|x64.ActiveCfg = Debug|Any CPU
		{F3138398-2BB4-4BC6-8C27-F4EDBB68B42A}.Debug|x64.Build.0 = Debug|Any CPU
		{F3138398-2BB4-4BC6-8C27-F4EDBB68B42A}.Debug|x86.ActiveCfg = Debug|Any CPU
		{F3138398-2BB4-4BC6-8C27-F4EDBB68B42A}.Debug|x86.Build.0 = Debug|Any CPU
		{F3138398-2BB4-4BC6-8C27-F4EDBB68B42A}.Release|Any CPU.ActiveCfg = Release|Any CPU
		{F3138398-2BB4-4BC6-8C27-F4EDBB68B42A}.Release|Any CPU.Build.0 = Release|Any CPU
		{F3138398-2BB4-4BC6-8C27-F4EDBB68B42A}.Release|x64.ActiveCfg = Release|Any CPU
		{F3138398-2BB4-4BC6-8C27-F4EDBB68B42A}.Release|x64.Build.0 = Release|Any CPU
		{F3138398-2BB4-4BC6-8C27-F4EDBB68B42A}.Release|x86.ActiveCfg = Release|Any CPU
		{F3138398-2BB4-4BC6-8C27-F4EDBB68B42A}.Release|x86.Build.0 = Release|Any CPU
		{DCE0705D-4EE9-441A-B370-A349EA991845}.Debug|Any CPU.ActiveCfg = Debug|Any CPU
		{DCE0705D-4EE9-441A-B370-A349EA991845}.Debug|Any CPU.Build.0 = Debug|Any CPU
		{DCE0705D-4EE9-441A-B370-A349EA991845}.Debug|x64.ActiveCfg = Debug|Any CPU
		{DCE0705D-4EE9-441A-B370-A349EA991845}.Debug|x64.Build.0 = Debug|Any CPU
		{DCE0705D-4EE9-441A-B370-A349EA991845}.Debug|x86.ActiveCfg = Debug|Any CPU
		{DCE0705D-4EE9-441A-B370-A349EA991845}.Debug|x86.Build.0 = Debug|Any CPU
		{DCE0705D-4EE9-441A-B370-A349EA991845}.Release|Any CPU.ActiveCfg = Release|Any CPU
		{DCE0705D-4EE9-441A-B370-A349EA991845}.Release|Any CPU.Build.0 = Release|Any CPU
		{DCE0705D-4EE9-441A-B370-A349EA991845}.Release|x64.ActiveCfg = Release|Any CPU
		{DCE0705D-4EE9-441A-B370-A349EA991845}.Release|x64.Build.0 = Release|Any CPU
		{DCE0705D-4EE9-441A-B370-A349EA991845}.Release|x86.ActiveCfg = Release|Any CPU
		{DCE0705D-4EE9-441A-B370-A349EA991845}.Release|x86.Build.0 = Release|Any CPU
		{B5386F27-D182-483C-9F86-56376800A5FA}.Debug|Any CPU.ActiveCfg = Debug|Any CPU
		{B5386F27-D182-483C-9F86-56376800A5FA}.Debug|Any CPU.Build.0 = Debug|Any CPU
		{B5386F27-D182-483C-9F86-56376800A5FA}.Debug|x64.ActiveCfg = Debug|Any CPU
		{B5386F27-D182-483C-9F86-56376800A5FA}.Debug|x64.Build.0 = Debug|Any CPU
		{B5386F27-D182-483C-9F86-56376800A5FA}.Debug|x86.ActiveCfg = Debug|Any CPU
		{B5386F27-D182-483C-9F86-56376800A5FA}.Debug|x86.Build.0 = Debug|Any CPU
		{B5386F27-D182-483C-9F86-56376800A5FA}.Release|Any CPU.ActiveCfg = Release|Any CPU
		{B5386F27-D182-483C-9F86-56376800A5FA}.Release|Any CPU.Build.0 = Release|Any CPU
		{B5386F27-D182-483C-9F86-56376800A5FA}.Release|x64.ActiveCfg = Release|Any CPU
		{B5386F27-D182-483C-9F86-56376800A5FA}.Release|x64.Build.0 = Release|Any CPU
		{B5386F27-D182-483C-9F86-56376800A5FA}.Release|x86.ActiveCfg = Release|Any CPU
		{B5386F27-D182-483C-9F86-56376800A5FA}.Release|x86.Build.0 = Release|Any CPU
		{F34EF16F-1575-43D3-ABD7-9DDA6B9BA6DF}.Debug|Any CPU.ActiveCfg = Debug|Any CPU
		{F34EF16F-1575-43D3-ABD7-9DDA6B9BA6DF}.Debug|Any CPU.Build.0 = Debug|Any CPU
		{F34EF16F-1575-43D3-ABD7-9DDA6B9BA6DF}.Debug|x64.ActiveCfg = Debug|Any CPU
		{F34EF16F-1575-43D3-ABD7-9DDA6B9BA6DF}.Debug|x64.Build.0 = Debug|Any CPU
		{F34EF16F-1575-43D3-ABD7-9DDA6B9BA6DF}.Debug|x86.ActiveCfg = Debug|Any CPU
		{F34EF16F-1575-43D3-ABD7-9DDA6B9BA6DF}.Debug|x86.Build.0 = Debug|Any CPU
		{F34EF16F-1575-43D3-ABD7-9DDA6B9BA6DF}.Release|Any CPU.ActiveCfg = Release|Any CPU
		{F34EF16F-1575-43D3-ABD7-9DDA6B9BA6DF}.Release|Any CPU.Build.0 = Release|Any CPU
		{F34EF16F-1575-43D3-ABD7-9DDA6B9BA6DF}.Release|x64.ActiveCfg = Release|Any CPU
		{F34EF16F-1575-43D3-ABD7-9DDA6B9BA6DF}.Release|x64.Build.0 = Release|Any CPU
		{F34EF16F-1575-43D3-ABD7-9DDA6B9BA6DF}.Release|x86.ActiveCfg = Release|Any CPU
		{F34EF16F-1575-43D3-ABD7-9DDA6B9BA6DF}.Release|x86.Build.0 = Release|Any CPU
		{304D53F7-96EE-4CE6-BEF8-4E8FE0585B25}.Debug|Any CPU.ActiveCfg = Debug|Any CPU
		{304D53F7-96EE-4CE6-BEF8-4E8FE0585B25}.Debug|Any CPU.Build.0 = Debug|Any CPU
		{304D53F7-96EE-4CE6-BEF8-4E8FE0585B25}.Debug|x64.ActiveCfg = Debug|Any CPU
		{304D53F7-96EE-4CE6-BEF8-4E8FE0585B25}.Debug|x64.Build.0 = Debug|Any CPU
		{304D53F7-96EE-4CE6-BEF8-4E8FE0585B25}.Debug|x86.ActiveCfg = Debug|Any CPU
		{304D53F7-96EE-4CE6-BEF8-4E8FE0585B25}.Debug|x86.Build.0 = Debug|Any CPU
		{304D53F7-96EE-4CE6-BEF8-4E8FE0585B25}.Release|Any CPU.ActiveCfg = Release|Any CPU
		{304D53F7-96EE-4CE6-BEF8-4E8FE0585B25}.Release|Any CPU.Build.0 = Release|Any CPU
		{304D53F7-96EE-4CE6-BEF8-4E8FE0585B25}.Release|x64.ActiveCfg = Release|Any CPU
		{304D53F7-96EE-4CE6-BEF8-4E8FE0585B25}.Release|x64.Build.0 = Release|Any CPU
		{304D53F7-96EE-4CE6-BEF8-4E8FE0585B25}.Release|x86.ActiveCfg = Release|Any CPU
		{304D53F7-96EE-4CE6-BEF8-4E8FE0585B25}.Release|x86.Build.0 = Release|Any CPU
		{D83BEBE8-E636-4B33-AA76-E4D7061BFBA7}.Debug|Any CPU.ActiveCfg = Debug|Any CPU
		{D83BEBE8-E636-4B33-AA76-E4D7061BFBA7}.Debug|Any CPU.Build.0 = Debug|Any CPU
		{D83BEBE8-E636-4B33-AA76-E4D7061BFBA7}.Debug|x64.ActiveCfg = Debug|Any CPU
		{D83BEBE8-E636-4B33-AA76-E4D7061BFBA7}.Debug|x64.Build.0 = Debug|Any CPU
		{D83BEBE8-E636-4B33-AA76-E4D7061BFBA7}.Debug|x86.ActiveCfg = Debug|Any CPU
		{D83BEBE8-E636-4B33-AA76-E4D7061BFBA7}.Debug|x86.Build.0 = Debug|Any CPU
		{D83BEBE8-E636-4B33-AA76-E4D7061BFBA7}.Release|Any CPU.ActiveCfg = Release|Any CPU
		{D83BEBE8-E636-4B33-AA76-E4D7061BFBA7}.Release|Any CPU.Build.0 = Release|Any CPU
		{D83BEBE8-E636-4B33-AA76-E4D7061BFBA7}.Release|x64.ActiveCfg = Release|Any CPU
		{D83BEBE8-E636-4B33-AA76-E4D7061BFBA7}.Release|x64.Build.0 = Release|Any CPU
		{D83BEBE8-E636-4B33-AA76-E4D7061BFBA7}.Release|x86.ActiveCfg = Release|Any CPU
		{D83BEBE8-E636-4B33-AA76-E4D7061BFBA7}.Release|x86.Build.0 = Release|Any CPU
		{1D87BA37-01BD-4CB8-9814-398AC63FA22E}.Debug|Any CPU.ActiveCfg = Debug|Any CPU
		{1D87BA37-01BD-4CB8-9814-398AC63FA22E}.Debug|Any CPU.Build.0 = Debug|Any CPU
		{1D87BA37-01BD-4CB8-9814-398AC63FA22E}.Debug|x64.ActiveCfg = Debug|Any CPU
		{1D87BA37-01BD-4CB8-9814-398AC63FA22E}.Debug|x64.Build.0 = Debug|Any CPU
		{1D87BA37-01BD-4CB8-9814-398AC63FA22E}.Debug|x86.ActiveCfg = Debug|Any CPU
		{1D87BA37-01BD-4CB8-9814-398AC63FA22E}.Debug|x86.Build.0 = Debug|Any CPU
		{1D87BA37-01BD-4CB8-9814-398AC63FA22E}.Release|Any CPU.ActiveCfg = Release|Any CPU
		{1D87BA37-01BD-4CB8-9814-398AC63FA22E}.Release|Any CPU.Build.0 = Release|Any CPU
		{1D87BA37-01BD-4CB8-9814-398AC63FA22E}.Release|x64.ActiveCfg = Release|Any CPU
		{1D87BA37-01BD-4CB8-9814-398AC63FA22E}.Release|x64.Build.0 = Release|Any CPU
		{1D87BA37-01BD-4CB8-9814-398AC63FA22E}.Release|x86.ActiveCfg = Release|Any CPU
		{1D87BA37-01BD-4CB8-9814-398AC63FA22E}.Release|x86.Build.0 = Release|Any CPU
		{1A3FE095-C484-406C-B660-875DF4A3D684}.Debug|Any CPU.ActiveCfg = Debug|Any CPU
		{1A3FE095-C484-406C-B660-875DF4A3D684}.Debug|Any CPU.Build.0 = Debug|Any CPU
		{1A3FE095-C484-406C-B660-875DF4A3D684}.Debug|x64.ActiveCfg = Debug|Any CPU
		{1A3FE095-C484-406C-B660-875DF4A3D684}.Debug|x64.Build.0 = Debug|Any CPU
		{1A3FE095-C484-406C-B660-875DF4A3D684}.Debug|x86.ActiveCfg = Debug|Any CPU
		{1A3FE095-C484-406C-B660-875DF4A3D684}.Debug|x86.Build.0 = Debug|Any CPU
		{1A3FE095-C484-406C-B660-875DF4A3D684}.Release|Any CPU.ActiveCfg = Release|Any CPU
		{1A3FE095-C484-406C-B660-875DF4A3D684}.Release|Any CPU.Build.0 = Release|Any CPU
		{1A3FE095-C484-406C-B660-875DF4A3D684}.Release|x64.ActiveCfg = Release|Any CPU
		{1A3FE095-C484-406C-B660-875DF4A3D684}.Release|x64.Build.0 = Release|Any CPU
		{1A3FE095-C484-406C-B660-875DF4A3D684}.Release|x86.ActiveCfg = Release|Any CPU
		{1A3FE095-C484-406C-B660-875DF4A3D684}.Release|x86.Build.0 = Release|Any CPU
		{A315211F-8A5C-49C3-9B0F-C02FF8D1B171}.Debug|Any CPU.ActiveCfg = Debug|Any CPU
		{A315211F-8A5C-49C3-9B0F-C02FF8D1B171}.Debug|Any CPU.Build.0 = Debug|Any CPU
		{A315211F-8A5C-49C3-9B0F-C02FF8D1B171}.Debug|x64.ActiveCfg = Debug|Any CPU
		{A315211F-8A5C-49C3-9B0F-C02FF8D1B171}.Debug|x64.Build.0 = Debug|Any CPU
		{A315211F-8A5C-49C3-9B0F-C02FF8D1B171}.Debug|x86.ActiveCfg = Debug|Any CPU
		{A315211F-8A5C-49C3-9B0F-C02FF8D1B171}.Debug|x86.Build.0 = Debug|Any CPU
		{A315211F-8A5C-49C3-9B0F-C02FF8D1B171}.Release|Any CPU.ActiveCfg = Release|Any CPU
		{A315211F-8A5C-49C3-9B0F-C02FF8D1B171}.Release|Any CPU.Build.0 = Release|Any CPU
		{A315211F-8A5C-49C3-9B0F-C02FF8D1B171}.Release|x64.ActiveCfg = Release|Any CPU
		{A315211F-8A5C-49C3-9B0F-C02FF8D1B171}.Release|x64.Build.0 = Release|Any CPU
		{A315211F-8A5C-49C3-9B0F-C02FF8D1B171}.Release|x86.ActiveCfg = Release|Any CPU
		{A315211F-8A5C-49C3-9B0F-C02FF8D1B171}.Release|x86.Build.0 = Release|Any CPU
	EndGlobalSection
	GlobalSection(NestedProjects) = preSolution
		{ACE18EEE-DF22-486F-A61C-A211E6722E07} = {F51C3A88-158F-4E2C-AED4-B3E0795E0778}
		{573F5430-784F-430E-8C5F-2A6510C33E23} = {F51C3A88-158F-4E2C-AED4-B3E0795E0778}
		{F3138398-2BB4-4BC6-8C27-F4EDBB68B42A} = {F51C3A88-158F-4E2C-AED4-B3E0795E0778}
		{DCE0705D-4EE9-441A-B370-A349EA991845} = {F51C3A88-158F-4E2C-AED4-B3E0795E0778}
		{B5386F27-D182-483C-9F86-56376800A5FA} = {F51C3A88-158F-4E2C-AED4-B3E0795E0778}
		{CE211085-E9B9-4750-97D4-18650D488DF5} = {71AC114F-21FA-4D28-847F-DC0110B11AA2}
		{B46D3F5A-D454-4AFF-A6B7-2C8CD0804BDA} = {CE211085-E9B9-4750-97D4-18650D488DF5}
		{F34EF16F-1575-43D3-ABD7-9DDA6B9BA6DF} = {B46D3F5A-D454-4AFF-A6B7-2C8CD0804BDA}
		{304D53F7-96EE-4CE6-BEF8-4E8FE0585B25} = {B46D3F5A-D454-4AFF-A6B7-2C8CD0804BDA}
		{D83BEBE8-E636-4B33-AA76-E4D7061BFBA7} = {B46D3F5A-D454-4AFF-A6B7-2C8CD0804BDA}
		{E05C08DE-F9F5-4A8D-A5F8-456834910931} = {71AC114F-21FA-4D28-847F-DC0110B11AA2}
		{97330A37-54EE-4BE6-8801-F02B5D53AFE1} = {E05C08DE-F9F5-4A8D-A5F8-456834910931}
		{1D87BA37-01BD-4CB8-9814-398AC63FA22E} = {97330A37-54EE-4BE6-8801-F02B5D53AFE1}
		{B55FEEDE-AA74-4F91-B585-9A138E54A774} = {71AC114F-21FA-4D28-847F-DC0110B11AA2}
		{F0D2D4E6-71D4-44FE-A7ED-A7F226676EC8} = {B55FEEDE-AA74-4F91-B585-9A138E54A774}
		{1A3FE095-C484-406C-B660-875DF4A3D684} = {F0D2D4E6-71D4-44FE-A7ED-A7F226676EC8}
		{C6150CC0-9EEC-4948-B87F-A1543FEF80CB} = {71AC114F-21FA-4D28-847F-DC0110B11AA2}
		{6EB3309D-EC03-4670-9EBA-E2281547F312} = {C6150CC0-9EEC-4948-B87F-A1543FEF80CB}
		{A315211F-8A5C-49C3-9B0F-C02FF8D1B171} = {6EB3309D-EC03-4670-9EBA-E2281547F312}
	EndGlobalSection
EndGlobal
